// !$*UTF8*$!
{
	archiveVersion = 1;
	classes = {
	};
	objectVersion = 77;
	objects = {

/* Begin PBXBuildFile section */
		2045114E2F6AA93D008FB1CF /* FirebaseAI in Frameworks */ = {isa = PBXBuildFile; productRef = 2045114D2F6AA93D008FB1CF /* FirebaseAI */; };
		204511502F6AA93D008FB1CF /* FirebaseAILogic in Frameworks */ = {isa = PBXBuildFile; productRef = 2045114F2F6AA93D008FB1CF /* FirebaseAILogic */; };
		204511522F6AA93D008FB1CF /* FirebaseAnalytics in Frameworks */ = {isa = PBXBuildFile; productRef = 204511512F6AA93D008FB1CF /* FirebaseAnalytics */; };
		204511542F6AA93D008FB1CF /* FirebaseAnalyticsCore in Frameworks */ = {isa = PBXBuildFile; productRef = 204511532F6AA93D008FB1CF /* FirebaseAnalyticsCore */; };
		204511562F6AA93D008FB1CF /* FirebaseAnalyticsIdentitySupport in Frameworks */ = {isa = PBXBuildFile; productRef = 204511552F6AA93D008FB1CF /* FirebaseAnalyticsIdentitySupport */; };
		204511582F6AA93D008FB1CF /* FirebaseAppCheck in Frameworks */ = {isa = PBXBuildFile; productRef = 204511572F6AA93D008FB1CF /* FirebaseAppCheck */; };
		2045115A2F6AA93D008FB1CF /* FirebaseAppDistribution-Beta in Frameworks */ = {isa = PBXBuildFile; productRef = 204511592F6AA93D008FB1CF /* FirebaseAppDistribution-Beta */; };
		204511602F6AA93D008FB1CF /* FirebaseCore in Frameworks */ = {isa = PBXBuildFile; productRef = 2045115F2F6AA93D008FB1CF /* FirebaseCore */; };
		204511622F6AA93D008FB1CF /* FirebaseCrashlytics in Frameworks */ = {isa = PBXBuildFile; productRef = 204511612F6AA93D008FB1CF /* FirebaseCrashlytics */; };
		204511642F6AA93D008FB1CF /* FirebaseDatabase in Frameworks */ = {isa = PBXBuildFile; productRef = 204511632F6AA93D008FB1CF /* FirebaseDatabase */; };
		204511662F6AA93D008FB1CF /* FirebaseFirestore in Frameworks */ = {isa = PBXBuildFile; productRef = 204511652F6AA93D008FB1CF /* FirebaseFirestore */; };
		204511682F6AA93D008FB1CF /* FirebaseFirestoreCombine-Community in Frameworks */ = {isa = PBXBuildFile; productRef = 204511672F6AA93D008FB1CF /* FirebaseFirestoreCombine-Community */; };
		2045116A2F6AA93D008FB1CF /* FirebaseFunctions in Frameworks */ = {isa = PBXBuildFile; productRef = 204511692F6AA93D008FB1CF /* FirebaseFunctions */; };
		2045116C2F6AA93D008FB1CF /* FirebaseFunctionsCombine-Community in Frameworks */ = {isa = PBXBuildFile; productRef = 2045116B2F6AA93D008FB1CF /* FirebaseFunctionsCombine-Community */; };
		2045116E2F6AA93D008FB1CF /* FirebaseInAppMessaging-Beta in Frameworks */ = {isa = PBXBuildFile; productRef = 2045116D2F6AA93D008FB1CF /* FirebaseInAppMessaging-Beta */; };
		204511702F6AA93D008FB1CF /* FirebaseInstallations in Frameworks */ = {isa = PBXBuildFile; productRef = 2045116F2F6AA93D008FB1CF /* FirebaseInstallations */; };
		204511722F6AA93D008FB1CF /* FirebaseMLModelDownloader in Frameworks */ = {isa = PBXBuildFile; productRef = 204511712F6AA93D008FB1CF /* FirebaseMLModelDownloader */; };
		204511742F6AA93D008FB1CF /* FirebaseMessaging in Frameworks */ = {isa = PBXBuildFile; productRef = 204511732F6AA93D008FB1CF /* FirebaseMessaging */; };
		204511762F6AA93D008FB1CF /* FirebasePerformance in Frameworks */ = {isa = PBXBuildFile; productRef = 204511752F6AA93D008FB1CF /* FirebasePerformance */; };
		204511782F6AA93D008FB1CF /* FirebaseRemoteConfig in Frameworks */ = {isa = PBXBuildFile; productRef = 204511772F6AA93D008FB1CF /* FirebaseRemoteConfig */; };
		2045117A2F6AA93D008FB1CF /* FirebaseStorage in Frameworks */ = {isa = PBXBuildFile; productRef = 204511792F6AA93D008FB1CF /* FirebaseStorage */; };
		2045117C2F6AA93D008FB1CF /* FirebaseStorageCombine-Community in Frameworks */ = {isa = PBXBuildFile; productRef = 2045117B2F6AA93D008FB1CF /* FirebaseStorageCombine-Community */; };
/* End PBXBuildFile section */

/* Begin PBXFileReference section */
		20F4A24F2F50706900076C40 /* Groceria.app */ = {isa = PBXFileReference; explicitFileType = wrapper.application; includeInIndex = 0; path = Groceria.app; sourceTree = BUILT_PRODUCTS_DIR; };
/* End PBXFileReference section */

/* Begin PBXFileSystemSynchronizedBuildFileExceptionSet section */
		20F4A2872F50717E00076C40 /* Exceptions for "Groceria" folder in "Groceria" target */ = {
			isa = PBXFileSystemSynchronizedBuildFileExceptionSet;
			membershipExceptions = (
				Info.plist,
			);
			target = 20F4A24E2F50706900076C40 /* Groceria */;
		};
/* End PBXFileSystemSynchronizedBuildFileExceptionSet section */

/* Begin PBXFileSystemSynchronizedRootGroup section */
		20F4A2512F50706900076C40 /* Groceria */ = {
			isa = PBXFileSystemSynchronizedRootGroup;
			exceptions = (
				20F4A2872F50717E00076C40 /* Exceptions for "Groceria" folder in "Groceria" target */,
			);
			path = Groceria;
			sourceTree = "<group>";
		};
/* End PBXFileSystemSynchronizedRootGroup section */

/* Begin PBXFrameworksBuildPhase section */
		20F4A24C2F50706900076C40 /* Frameworks */ = {
			isa = PBXFrameworksBuildPhase;
			buildActionMask = 2147483647;
			files = (
				2045115A2F6AA93D008FB1CF /* FirebaseAppDistribution-Beta in Frameworks */,
				204511662F6AA93D008FB1CF /* FirebaseFirestore in Frameworks */,
				204511702F6AA93D008FB1CF /* FirebaseInstallations in Frameworks */,
				204511502F6AA93D008FB1CF /* FirebaseAILogic in Frameworks */,
				204511562F6AA93D008FB1CF /* FirebaseAnalyticsIdentitySupport in Frameworks */,
				2045116E2F6AA93D008FB1CF /* FirebaseInAppMessaging-Beta in Frameworks */,
				2045114E2F6AA93D008FB1CF /* FirebaseAI in Frameworks */,
				204511622F6AA93D008FB1CF /* FirebaseCrashlytics in Frameworks */,
				2045116C2F6AA93D008FB1CF /* FirebaseFunctionsCombine-Community in Frameworks */,
				2045117C2F6AA93D008FB1CF /* FirebaseStorageCombine-Community in Frameworks */,
				204511642F6AA93D008FB1CF /* FirebaseDatabase in Frameworks */,
				2045117A2F6AA93D008FB1CF /* FirebaseStorage in Frameworks */,
				204511782F6AA93D008FB1CF /* FirebaseRemoteConfig in Frameworks */,
				204511522F6AA93D008FB1CF /* FirebaseAnalytics in Frameworks */,
				204511742F6AA93D008FB1CF /* FirebaseMessaging in Frameworks */,
				204511722F6AA93D008FB1CF /* FirebaseMLModelDownloader in Frameworks */,
				204511762F6AA93D008FB1CF /* FirebasePerformance in Frameworks */,
				204511602F6AA93D008FB1CF /* FirebaseCore in Frameworks */,
				204511582F6AA93D008FB1CF /* FirebaseAppCheck in Frameworks */,
				204511542F6AA93D008FB1CF /* FirebaseAnalyticsCore in Frameworks */,
				2045116A2F6AA93D008FB1CF /* FirebaseFunctions in Frameworks */,
				204511682F6AA93D008FB1CF /* FirebaseFirestoreCombine-Community in Frameworks */,
			);
			runOnlyForDeploymentPostprocessing = 0;
		};
/* End PBXFrameworksBuildPhase section */

/* Begin PBXGroup section */
		20F4A2462F50706900076C40 = {
			isa = PBXGroup;
			children = (
				20F4A2512F50706900076C40 /* Groceria */,
				20F4A2502F50706900076C40 /* Products */,
			);
			sourceTree = "<group>";
		};
		20F4A2502F50706900076C40 /* Products */ = {
			isa = PBXGroup;
			children = (
				20F4A24F2F50706900076C40 /* Groceria.app */,
			);
			name = Products;
			sourceTree = "<group>";
		};
/* End PBXGroup section */

/* Begin PBXNativeTarget section */
		20F4A24E2F50706900076C40 /* Groceria */ = {
			isa = PBXNativeTarget;
			buildConfigurationList = 20F4A25D2F50706A00076C40 /* Build configuration list for PBXNativeTarget "Groceria" */;
			buildPhases = (
				20F4A24B2F50706900076C40 /* Sources */,
				20F4A24C2F50706900076C40 /* Frameworks */,
				20F4A24D2F50706900076C40 /* Resources */,
			);
			buildRules = (
			);
			dependencies = (
			);
			fileSystemSynchronizedGroups = (
				20F4A2512F50706900076C40 /* Groceria */,
			);
			name = Groceria;
			packageProductDependencies = (
				2045114D2F6AA93D008FB1CF /* FirebaseAI */,
				2045114F2F6AA93D008FB1CF /* FirebaseAILogic */,
				204511512F6AA93D008FB1CF /* FirebaseAnalytics */,
				204511532F6AA93D008FB1CF /* FirebaseAnalyticsCore */,
				204511552F6AA93D008FB1CF /* FirebaseAnalyticsIdentitySupport */,
				204511572F6AA93D008FB1CF /* FirebaseAppCheck */,
				204511592F6AA93D008FB1CF /* FirebaseAppDistribution-Beta */,
				2045115F2F6AA93D008FB1CF /* FirebaseCore */,
				204511612F6AA93D008FB1CF /* FirebaseCrashlytics */,
				204511632F6AA93D008FB1CF /* FirebaseDatabase */,
				204511652F6AA93D008FB1CF /* FirebaseFirestore */,
				204511672F6AA93D008FB1CF /* FirebaseFirestoreCombine-Community */,
				204511692F6AA93D008FB1CF /* FirebaseFunctions */,
				2045116B2F6AA93D008FB1CF /* FirebaseFunctionsCombine-Community */,
				2045116D2F6AA93D008FB1CF /* FirebaseInAppMessaging-Beta */,
				2045116F2F6AA93D008FB1CF /* FirebaseInstallations */,
				204511712F6AA93D008FB1CF /* FirebaseMLModelDownloader */,
				204511732F6AA93D008FB1CF /* FirebaseMessaging */,
				204511752F6AA93D008FB1CF /* FirebasePerformance */,
				204511772F6AA93D008FB1CF /* FirebaseRemoteConfig */,
				204511792F6AA93D008FB1CF /* FirebaseStorage */,
				2045117B2F6AA93D008FB1CF /* FirebaseStorageCombine-Community */,
			);
			productName = Groceria;
			productReference = 20F4A24F2F50706900076C40 /* Groceria.app */;
			productType = "com.apple.product-type.application";
		};
/* End PBXNativeTarget section */

/* Begin PBXProject section */
		20F4A2472F50706900076C40 /* Project object */ = {
			isa = PBXProject;
			attributes = {
				BuildIndependentTargetsInParallel = 1;
				LastSwiftUpdateCheck = 1620;
				LastUpgradeCheck = 1620;
				TargetAttributes = {
					20F4A24E2F50706900076C40 = {
						CreatedOnToolsVersion = 16.2;
					};
				};
			};
			buildConfigurationList = 20F4A24A2F50706900076C40 /* Build configuration list for PBXProject "Groceria" */;
			developmentRegion = en;
			hasScannedForEncodings = 0;
			knownRegions = (
				en,
				Base,
			);
			mainGroup = 20F4A2462F50706900076C40;
			minimizedProjectReferenceProxies = 1;
			packageReferences = (
				2045114C2F6AA93D008FB1CF /* XCRemoteSwiftPackageReference "firebase-ios-sdk" */,
			);
			preferredProjectObjectVersion = 77;
			productRefGroup = 20F4A2502F50706900076C40 /* Products */;
			projectDirPath = "";
			projectRoot = "";
			targets = (
				20F4A24E2F50706900076C40 /* Groceria */,
			);
		};
/* End PBXProject section */

/* Begin PBXResourcesBuildPhase section */
		20F4A24D2F50706900076C40 /* Resources */ = {
			isa = PBXResourcesBuildPhase;
			buildActionMask = 2147483647;
			files = (
			);
			runOnlyForDeploymentPostprocessing = 0;
		};
/* End PBXResourcesBuildPhase section */

/* Begin PBXSourcesBuildPhase section */
		20F4A24B2F50706900076C40 /* Sources */ = {
			isa = PBXSourcesBuildPhase;
			buildActionMask = 2147483647;
			files = (
			);
			runOnlyForDeploymentPostprocessing = 0;
		};
/* End PBXSourcesBuildPhase section */

/* Begin XCBuildConfiguration section */
		20F4A25B2F50706A00076C40 /* Debug */ = {
			isa = XCBuildConfiguration;
			buildSettings = {
				ALWAYS_SEARCH_USER_PATHS = NO;
				ASSETCATALOG_COMPILER_GENERATE_SWIFT_ASSET_SYMBOL_EXTENSIONS = YES;
				CLANG_ANALYZER_NONNULL = YES;
				CLANG_ANALYZER_NUMBER_OBJECT_CONVERSION = YES_AGGRESSIVE;
				CLANG_CXX_LANGUAGE_STANDARD = "gnu++20";
				CLANG_ENABLE_MODULES = YES;
				CLANG_ENABLE_OBJC_ARC = YES;
				CLANG_ENABLE_OBJC_WEAK = YES;
				CLANG_WARN_BLOCK_CAPTURE_AUTORELEASING = YES;
				CLANG_WARN_BOOL_CONVERSION = YES;
				CLANG_WARN_COMMA = YES;
				CLANG_WARN_CONSTANT_CONVERSION = YES;
				CLANG_WARN_DEPRECATED_OBJC_IMPLEMENTATIONS = YES;
				CLANG_WARN_DIRECT_OBJC_ISA_USAGE = YES_ERROR;
				CLANG_WARN_DOCUMENTATION_COMMENTS = YES;
				CLANG_WARN_EMPTY_BODY = YES;
				CLANG_WARN_ENUM_CONVERSION = YES;
				CLANG_WARN_INFINITE_RECURSION = YES;
				CLANG_WARN_INT_CONVERSION = YES;
				CLANG_WARN_NON_LITERAL_NULL_CONVERSION = YES;
				CLANG_WARN_OBJC_IMPLICIT_RETAIN_SELF = YES;
				CLANG_WARN_OBJC_LITERAL_CONVERSION = YES;
				CLANG_WARN_OBJC_ROOT_CLASS = YES_ERROR;
				CLANG_WARN_QUOTED_INCLUDE_IN_FRAMEWORK_HEADER = YES;
				CLANG_WARN_RANGE_LOOP_ANALYSIS = YES;
				CLANG_WARN_STRICT_PROTOTYPES = YES;
				CLANG_WARN_SUSPICIOUS_MOVE = YES;
				CLANG_WARN_UNGUARDED_AVAILABILITY = YES_AGGRESSIVE;
				CLANG_WARN_UNREACHABLE_CODE = YES;
				CLANG_WARN__DUPLICATE_METHOD_MATCH = YES;
				COPY_PHASE_STRIP = NO;
				DEBUG_INFORMATION_FORMAT = dwarf;
				ENABLE_STRICT_OBJC_MSGSEND = YES;
				ENABLE_TESTABILITY = YES;
				ENABLE_USER_SCRIPT_SANDBOXING = YES;
				GCC_C_LANGUAGE_STANDARD = gnu17;
				GCC_DYNAMIC_NO_PIC = NO;
				GCC_NO_COMMON_BLOCKS = YES;
				GCC_OPTIMIZATION_LEVEL = 0;
				GCC_PREPROCESSOR_DEFINITIONS = (
					"DEBUG=1",
					"$(inherited)",
				);
				GCC_WARN_64_TO_32_BIT_CONVERSION = YES;
				GCC_WARN_ABOUT_RETURN_TYPE = YES_ERROR;
				GCC_WARN_UNDECLARED_SELECTOR = YES;
				GCC_WARN_UNINITIALIZED_AUTOS = YES_AGGRESSIVE;
				GCC_WARN_UNUSED_FUNCTION = YES;
				GCC_WARN_UNUSED_VARIABLE = YES;
				IPHONEOS_DEPLOYMENT_TARGET = 18.2;
				LOCALIZATION_PREFERS_STRING_CATALOGS = YES;
				MTL_ENABLE_DEBUG_INFO = INCLUDE_SOURCE;
				MTL_FAST_MATH = YES;
				ONLY_ACTIVE_ARCH = YES;
				SDKROOT = iphoneos;
				SWIFT_ACTIVE_COMPILATION_CONDITIONS = "DEBUG $(inherited)";
				SWIFT_OPTIMIZATION_LEVEL = "-Onone";
			};
			name = Debug;
		};
		20F4A25C2F50706A00076C40 /* Release */ = {
			isa = XCBuildConfiguration;
			buildSettings = {
				ALWAYS_SEARCH_USER_PATHS = NO;
				ASSETCATALOG_COMPILER_GENERATE_SWIFT_ASSET_SYMBOL_EXTENSIONS = YES;
				CLANG_ANALYZER_NONNULL = YES;
				CLANG_ANALYZER_NUMBER_OBJECT_CONVERSION = YES_AGGRESSIVE;
				CLANG_CXX_LANGUAGE_STANDARD = "gnu++20";
				CLANG_ENABLE_MODULES = YES;
				CLANG_ENABLE_OBJC_ARC = YES;
				CLANG_ENABLE_OBJC_WEAK = YES;
				CLANG_WARN_BLOCK_CAPTURE_AUTORELEASING = YES;
				CLANG_WARN_BOOL_CONVERSION = YES;
				CLANG_WARN_COMMA = YES;
				CLANG_WARN_CONSTANT_CONVERSION = YES;
				CLANG_WARN_DEPRECATED_OBJC_IMPLEMENTATIONS = YES;
				CLANG_WARN_DIRECT_OBJC_ISA_USAGE = YES_ERROR;
				CLANG_WARN_DOCUMENTATION_COMMENTS = YES;
				CLANG_WARN_EMPTY_BODY = YES;
				CLANG_WARN_ENUM_CONVERSION = YES;
				CLANG_WARN_INFINITE_RECURSION = YES;
				CLANG_WARN_INT_CONVERSION = YES;
				CLANG_WARN_NON_LITERAL_NULL_CONVERSION = YES;
				CLANG_WARN_OBJC_IMPLICIT_RETAIN_SELF = YES;
				CLANG_WARN_OBJC_LITERAL_CONVERSION = YES;
				CLANG_WARN_OBJC_ROOT_CLASS = YES_ERROR;
				CLANG_WARN_QUOTED_INCLUDE_IN_FRAMEWORK_HEADER = YES;
				CLANG_WARN_RANGE_LOOP_ANALYSIS = YES;
				CLANG_WARN_STRICT_PROTOTYPES = YES;
				CLANG_WARN_SUSPICIOUS_MOVE = YES;
				CLANG_WARN_UNGUARDED_AVAILABILITY = YES_AGGRESSIVE;
				CLANG_WARN_UNREACHABLE_CODE = YES;
				CLANG_WARN__DUPLICATE_METHOD_MATCH = YES;
				COPY_PHASE_STRIP = NO;
				DEBUG_INFORMATION_FORMAT = "dwarf-with-dsym";
				ENABLE_NS_ASSERTIONS = NO;
				ENABLE_STRICT_OBJC_MSGSEND = YES;
				ENABLE_USER_SCRIPT_SANDBOXING = YES;
				GCC_C_LANGUAGE_STANDARD = gnu17;
				GCC_NO_COMMON_BLOCKS = YES;
				GCC_WARN_64_TO_32_BIT_CONVERSION = YES;
				GCC_WARN_ABOUT_RETURN_TYPE = YES_ERROR;
				GCC_WARN_UNDECLARED_SELECTOR = YES;
				GCC_WARN_UNINITIALIZED_AUTOS = YES_AGGRESSIVE;
				GCC_WARN_UNUSED_FUNCTION = YES;
				GCC_WARN_UNUSED_VARIABLE = YES;
				IPHONEOS_DEPLOYMENT_TARGET = 18.2;
				LOCALIZATION_PREFERS_STRING_CATALOGS = YES;
				MTL_ENABLE_DEBUG_INFO = NO;
				MTL_FAST_MATH = YES;
				SDKROOT = iphoneos;
				SWIFT_COMPILATION_MODE = wholemodule;
				VALIDATE_PRODUCT = YES;
			};
			name = Release;
		};
		20F4A25E2F50706A00076C40 /* Debug */ = {
			isa = XCBuildConfiguration;
			buildSettings = {
				ASSETCATALOG_COMPILER_APPICON_NAME = AppIcon;
				ASSETCATALOG_COMPILER_GLOBAL_ACCENT_COLOR_NAME = AccentColor;
				CODE_SIGN_STYLE = Automatic;
				CURRENT_PROJECT_VERSION = 1;
				DEVELOPMENT_ASSET_PATHS = "\"Groceria/Preview Content\"";
				DEVELOPMENT_TEAM = DN4966W9VT;
				ENABLE_PREVIEWS = YES;
				GENERATE_INFOPLIST_FILE = YES;
				INFOPLIST_FILE = Groceria/Info.plist;
				INFOPLIST_KEY_UIApplicationSceneManifest_Generation = YES;
				INFOPLIST_KEY_UIApplicationSupportsIndirectInputEvents = YES;
				INFOPLIST_KEY_UILaunchScreen_Generation = YES;
				INFOPLIST_KEY_UILaunchStoryboardName = SplashScreen;
				INFOPLIST_KEY_UISupportedInterfaceOrientations_iPad = "UIInterfaceOrientationPortrait UIInterfaceOrientationPortraitUpsideDown UIInterfaceOrientationLandscapeLeft UIInterfaceOrientationLandscapeRight";
				INFOPLIST_KEY_UISupportedInterfaceOrientations_iPhone = "UIInterfaceOrientationPortrait UIInterfaceOrientationLandscapeLeft UIInterfaceOrientationLandscapeRight";
				LD_RUNPATH_SEARCH_PATHS = (
					"$(inherited)",
					"@executable_path/Frameworks",
				);
				MARKETING_VERSION = 1.0;
				PRODUCT_BUNDLE_IDENTIFIER = com.Systemira.Groceria;
				PRODUCT_NAME = "$(TARGET_NAME)";
				SWIFT_EMIT_LOC_STRINGS = YES;
				SWIFT_VERSION = 5.0;
				TARGETED_DEVICE_FAMILY = "1,2";
			};
			name = Debug;
		};
		20F4A25F2F50706A00076C40 /* Release */ = {
			isa = XCBuildConfiguration;
			buildSettings = {
				ASSETCATALOG_COMPILER_APPICON_NAME = AppIcon;
				ASSETCATALOG_COMPILER_GLOBAL_ACCENT_COLOR_NAME = AccentColor;
				CODE_SIGN_STYLE = Automatic;
				CURRENT_PROJECT_VERSION = 1;
				DEVELOPMENT_ASSET_PATHS = "\"Groceria/Preview Content\"";
				DEVELOPMENT_TEAM = DN4966W9VT;
				ENABLE_PREVIEWS = YES;
				GENERATE_INFOPLIST_FILE = YES;
				INFOPLIST_FILE = Groceria/Info.plist;
				INFOPLIST_KEY_UIApplicationSceneManifest_Generation = YES;
				INFOPLIST_KEY_UIApplicationSupportsIndirectInputEvents = YES;
				INFOPLIST_KEY_UILaunchScreen_Generation = YES;
				INFOPLIST_KEY_UILaunchStoryboardName = SplashScreen;
				INFOPLIST_KEY_UISupportedInterfaceOrientations_iPad = "UIInterfaceOrientationPortrait UIInterfaceOrientationPortraitUpsideDown UIInterfaceOrientationLandscapeLeft UIInterfaceOrientationLandscapeRight";
				INFOPLIST_KEY_UISupportedInterfaceOrientations_iPhone = "UIInterfaceOrientationPortrait UIInterfaceOrientationLandscapeLeft UIInterfaceOrientationLandscapeRight";
				LD_RUNPATH_SEARCH_PATHS = (
					"$(inherited)",
					"@executable_path/Frameworks",
				);
				MARKETING_VERSION = 1.0;
				PRODUCT_BUNDLE_IDENTIFIER = com.Systemira.Groceria;
				PRODUCT_NAME = "$(TARGET_NAME)";
				SWIFT_EMIT_LOC_STRINGS = YES;
				SWIFT_VERSION = 5.0;
				TARGETED_DEVICE_FAMILY = "1,2";
			};
			name = Release;
		};
/* End XCBuildConfiguration section */

/* Begin XCConfigurationList section */
		20F4A24A2F50706900076C40 /* Build configuration list for PBXProject "Groceria" */ = {
			isa = XCConfigurationList;
			buildConfigurations = (
				20F4A25B2F50706A00076C40 /* Debug */,
				20F4A25C2F50706A00076C40 /* Release */,
			);
			defaultConfigurationIsVisible = 0;
			defaultConfigurationName = Release;
		};
		20F4A25D2F50706A00076C40 /* Build configuration list for PBXNativeTarget "Groceria" */ = {
			isa = XCConfigurationList;
			buildConfigurations = (
				20F4A25E2F50706A00076C40 /* Debug */,
				20F4A25F2F50706A00076C40 /* Release */,
			);
			defaultConfigurationIsVisible = 0;
			defaultConfigurationName = Release;
		};
/* End XCConfigurationList section */

/* Begin XCRemoteSwiftPackageReference section */
		2045114C2F6AA93D008FB1CF /* XCRemoteSwiftPackageReference "firebase-ios-sdk" */ = {
			isa = XCRemoteSwiftPackageReference;
			repositoryURL = "https://github.com/firebase/firebase-ios-sdk";
			requirement = {
				kind = upToNextMajorVersion;
				minimumVersion = 12.11.0;
			};
		};
/* End XCRemoteSwiftPackageReference section */

/* Begin XCSwiftPackageProductDependency section */
		2045114D2F6AA93D008FB1CF /* FirebaseAI */ = {
			isa = XCSwiftPackageProductDependency;
			package = 2045114C2F6AA93D008FB1CF /* XCRemoteSwiftPackageReference "firebase-ios-sdk" */;
			productName = FirebaseAI;
		};
		2045114F2F6AA93D008FB1CF /* FirebaseAILogic */ = {
			isa = XCSwiftPackageProductDependency;
			package = 2045114C2F6AA93D008FB1CF /* XCRemoteSwiftPackageReference "firebase-ios-sdk" */;
			productName = FirebaseAILogic;
		};
		204511512F6AA93D008FB1CF /* FirebaseAnalytics */ = {
			isa = XCSwiftPackageProductDependency;
			package = 2045114C2F6AA93D008FB1CF /* XCRemoteSwiftPackageReference "firebase-ios-sdk" */;
			productName = FirebaseAnalytics;
		};
		204511532F6AA93D008FB1CF /* FirebaseAnalyticsCore */ = {
			isa = XCSwiftPackageProductDependency;
			package = 2045114C2F6AA93D008FB1CF /* XCRemoteSwiftPackageReference "firebase-ios-sdk" */;
			productName = FirebaseAnalyticsCore;
		};
		204511552F6AA93D008FB1CF /* FirebaseAnalyticsIdentitySupport */ = {
			isa = XCSwiftPackageProductDependency;
			package = 2045114C2F6AA93D008FB1CF /* XCRemoteSwiftPackageReference "firebase-ios-sdk" */;
			productName = FirebaseAnalyticsIdentitySupport;
		};
		204511572F6AA93D008FB1CF /* FirebaseAppCheck */ = {
			isa = XCSwiftPackageProductDependency;
			package = 2045114C2F6AA93D008FB1CF /* XCRemoteSwiftPackageReference "firebase-ios-sdk" */;
			productName = FirebaseAppCheck;
		};
		204511592F6AA93D008FB1CF /* FirebaseAppDistribution-Beta */ = {
			isa = XCSwiftPackageProductDependency;
			package = 2045114C2F6AA93D008FB1CF /* XCRemoteSwiftPackageReference "firebase-ios-sdk" */;
			productName = "FirebaseAppDistribution-Beta";
		};
		2045115F2F6AA93D008FB1CF /* FirebaseCore */ = {
			isa = XCSwiftPackageProductDependency;
			package = 2045114C2F6AA93D008FB1CF /* XCRemoteSwiftPackageReference "firebase-ios-sdk" */;
			productName = FirebaseCore;
		};
		204511612F6AA93D008FB1CF /* FirebaseCrashlytics */ = {
			isa = XCSwiftPackageProductDependency;
			package = 2045114C2F6AA93D008FB1CF /* XCRemoteSwiftPackageReference "firebase-ios-sdk" */;
			productName = FirebaseCrashlytics;
		};
		204511632F6AA93D008FB1CF /* FirebaseDatabase */ = {
			isa = XCSwiftPackageProductDependency;
			package = 2045114C2F6AA93D008FB1CF /* XCRemoteSwiftPackageReference "firebase-ios-sdk" */;
			productName = FirebaseDatabase;
		};
		204511652F6AA93D008FB1CF /* FirebaseFirestore */ = {
			isa = XCSwiftPackageProductDependency;
			package = 2045114C2F6AA93D008FB1CF /* XCRemoteSwiftPackageReference "firebase-ios-sdk" */;
			productName = FirebaseFirestore;
		};
		204511672F6AA93D008FB1CF /* FirebaseFirestoreCombine-Community */ = {
			isa = XCSwiftPackageProductDependency;
			package = 2045114C2F6AA93D008FB1CF /* XCRemoteSwiftPackageReference "firebase-ios-sdk" */;
			productName = "FirebaseFirestoreCombine-Community";
		};
		204511692F6AA93D008FB1CF /* FirebaseFunctions */ = {
			isa = XCSwiftPackageProductDependency;
			package = 2045114C2F6AA93D008FB1CF /* XCRemoteSwiftPackageReference "firebase-ios-sdk" */;
			productName = FirebaseFunctions;
		};
		2045116B2F6AA93D008FB1CF /* FirebaseFunctionsCombine-Community */ = {
			isa = XCSwiftPackageProductDependency;
			package = 2045114C2F6AA93D008FB1CF /* XCRemoteSwiftPackageReference "firebase-ios-sdk" */;
			productName = "FirebaseFunctionsCombine-Community";
		};
		2045116D2F6AA93D008FB1CF /* FirebaseInAppMessaging-Beta */ = {
			isa = XCSwiftPackageProductDependency;
			package = 2045114C2F6AA93D008FB1CF /* XCRemoteSwiftPackageReference "firebase-ios-sdk" */;
			productName = "FirebaseInAppMessaging-Beta";
		};
		2045116F2F6AA93D008FB1CF /* FirebaseInstallations */ = {
			isa = XCSwiftPackageProductDependency;
			package = 2045114C2F6AA93D008FB1CF /* XCRemoteSwiftPackageReference "firebase-ios-sdk" */;
			productName = FirebaseInstallations;
		};
		204511712F6AA93D008FB1CF /* FirebaseMLModelDownloader */ = {
			isa = XCSwiftPackageProductDependency;
			package = 2045114C2F6AA93D008FB1CF /* XCRemoteSwiftPackageReference "firebase-ios-sdk" */;
			productName = FirebaseMLModelDownloader;
		};
		204511732F6AA93D008FB1CF /* FirebaseMessaging */ = {
			isa = XCSwiftPackageProductDependency;
			package = 2045114C2F6AA93D008FB1CF /* XCRemoteSwiftPackageReference "firebase-ios-sdk" */;
			productName = FirebaseMessaging;
		};
		204511752F6AA93D008FB1CF /* FirebasePerformance */ = {
			isa = XCSwiftPackageProductDependency;
			package = 2045114C2F6AA93D008FB1CF /* XCRemoteSwiftPackageReference "firebase-ios-sdk" */;
			productName = FirebasePerformance;
		};
		204511772F6AA93D008FB1CF /* FirebaseRemoteConfig */ = {
			isa = XCSwiftPackageProductDependency;
			package = 2045114C2F6AA93D008FB1CF /* XCRemoteSwiftPackageReference "firebase-ios-sdk" */;
			productName = FirebaseRemoteConfig;
		};
		204511792F6AA93D008FB1CF /* FirebaseStorage */ = {
			isa = XCSwiftPackageProductDependency;
			package = 2045114C2F6AA93D008FB1CF /* XCRemoteSwiftPackageReference "firebase-ios-sdk" */;
			productName = FirebaseStorage;
		};
		2045117B2F6AA93D008FB1CF /* FirebaseStorageCombine-Community */ = {
			isa = XCSwiftPackageProductDependency;
			package = 2045114C2F6AA93D008FB1CF /* XCRemoteSwiftPackageReference "firebase-ios-sdk" */;
			productName = "FirebaseStorageCombine-Community";
		};
/* End XCSwiftPackageProductDependency section */
	};
	rootObject = 20F4A2472F50706900076C40 /* Project object */;
}
